{
    "_meta": {
        "hash": {
            "sha256": "1c66efbeaa2dcb8f5a5ca1581ab71dc7a763ba55157491f4b6fb5480c4ac9eb0"
        },
        "pipfile-spec": 6,
        "requires": {
            "python_version": "3"
        },
        "sources": [
            {
                "name": "pypi",
                "url": "https://pypi.org/simple",
                "verify_ssl": true
            }
        ]
    },
    "default": {
        "aggdraw": {
            "hashes": [
                "sha256:0cafe14e0fba361e25795fa67dc1c2d85634a47d38fa7b35dbb20ee0ae1c5fe0",
                "sha256:13b1062689225f1538bf63e0d7bfcc36e2433f8187d11ad36fb35678f1c82ed2",
                "sha256:40c75132381cac909142ff963ca12b6ee8f31d10364031611f6b9efd4940ac49",
                "sha256:47d34b0d4347ac76c106d35d87bea633f0ca64640ff60d0c6ffd69c96f7441a1",
                "sha256:520e8f2dadb9c6a68e3d2dc486420b21dc23c8c8755ad45e09a174a30b2d84bf",
                "sha256:659844bcdc3a2008e5b0dff216de207a45a2998101459f474cca3c31efca91ba",
                "sha256:722f083755454d3e939ddb0f7af09509d3e6c8261d78f439275fb0d67774fee4",
                "sha256:7e6cf18742e90dc62a7047002276dc33efc4d89a1bf9be298e45ddbb6356522f",
                "sha256:7ee69c8504d57173a743ec5b7c8a70a74997c47b8b2b56aac558fa860e5f95a8",
                "sha256:8536d8a88d361dcb0297a1c059f263e650c6ede73164943ad3a1eb0c49a1573e",
                "sha256:890d8eed70501e89bc10310977eb7773e660c6f1a59ac958457309f6526d57f9",
                "sha256:894f100bee40d651ad91bfadbe6cc1562f1a15faa58ad051e8f1bcf9ca28ebb5",
                "sha256:8c35b0f7816fa90e4f760e259cb7709be0a528754c3225680fda7a7a1adcd430",
                "sha256:953e14a3141f7aa728857b2c24eb205e4bc471299244027f09e85856f6b79864",
                "sha256:a759d7294d136f255bff848e2adf9beed3053b317bd20a8f3b00dcb34b0fb0a6",
                "sha256:ab0a0151294e214e34d6720339bb81e253a2328f82c6903667ece68141e48f14",
                "sha256:ad2c7470cc43431182b0533464dd88992bc370c80affb9ce46629dbbc51402cd",
                "sha256:b0e7f8bc74a31815abaab8125ab3a98f1dead1fbc89629c8b01147aa5f4bfe5e",
                "sha256:ee4adf0acf7c6e7e143b683231ef6c2d24ffbb8471ac7397ae9bf298137a3830",
                "sha256:f144902eff88c98b931aefbb355de984a362dc5791faec76e534b91cf6605e1d",
                "sha256:f9e0672ad022ab0a2376f07b66aa17339d679239f2c4d20bbf85486b2170ee67"
            ],
            "markers": "python_version >= '3.7'",
            "version": "==1.3.16"
        },
        "attrs": {
            "hashes": [
                "sha256:29e95c7f6778868dbd49170f98f8818f78f3dc5e0e37c0b1f474e3561b240836",
                "sha256:c9227bfc2f01993c03f68db37d1d15c9690188323c067c641f1a35ca58185f99"
            ],
            "markers": "python_version >= '3.6'",
            "version": "==22.2.0"
        },
        "click": {
            "hashes": [
                "sha256:7682dc8afb30297001674575ea00d1814d808d6a36af415a82bd481d37ba7b8e",
                "sha256:bb4d8133cb15a609f44e8213d9b391b0809795062913b383c62be0ee95b1db48"
            ],
            "markers": "python_version >= '3.7'",
            "version": "==8.1.3"
        },
        "colorama": {
            "hashes": [
                "sha256:08695f5cb7ed6e0531a20572697297273c47b8cae5a63ffc6d6ed5c201be6e44",
                "sha256:4f1d9991f5acc0ca119f9d443620b77f9d6b33703e51011c16baf57afb285fc6"
            ],
            "markers": "platform_system == 'Windows'",
            "version": "==0.4.6"
        },
        "docopt": {
            "hashes": [
                "sha256:49b3a825280bd66b3aa83585ef59c4a8c82f2c8a522dbe754a8bc8d08c85c491"
            ],
            "version": "==0.6.2"
        },
        "hacktools": {
            "extras": [
                "armips",
                "graphics",
                "psp",
                "xdelta"
            ],
            "hashes": [
                "sha256:03c982904f68857390bb67d15a39b0c5c41642e70bdfc8f6d7a16bcd3d1ba5c4",
                "sha256:0feb35ce47840e212f0d05f4b474b3c0200213395d542cdc89272155bd7e87a1",
                "sha256:10a5065d6f7c892a41f28d02c1c260e068216c22fcd675c9fac865da7e0517cb",
                "sha256:112f4b1894cf569788d7f97519854320845c5f2c0febcd58198aea01a591f85a",
                "sha256:159ebf72400b5fa65a10bdfe7be02903924223dea4fa72afdd4448473800a691",
                "sha256:1a65cace8e57ec6df9c33c22180c323b1cf0c2997ab76a2191556e9a8f079823",
                "sha256:20fde2be6e58d301116df1c2756abcbbc365b72f73d6635650cfce8615f64801",
                "sha256:332d2128ec24a05264e47765f8520161dc57f4c0a731965ab143dd2d4851a5a1",
                "sha256:384187fe75fb877e53dd0b9b647e4b9b753deb64dce7bec7c8697bdd4561f95c",
                "sha256:3893478c510c5178284d032f055d31ba5523533f4da5e0446a52301fb16cf54f",
                "sha256:3b61217ad7309d8d9cebda9950739e12fe8c2030659e47077f407b21cb300792",
                "sha256:3cdf512e3520a4f8d26f7283af5e69e0035d978d5d29cfc264184b8bec3784ab",
                "sha256:4942dfe59ecbe0e9f0fbd450f0e45ab5d9c57061cf0793ca2087a3a23b97888d",
                "sha256:4b494f7df1d7bdf52ad9bd29b8e1c11ba1a2188f5b42d5905cc970e5875f348a",
                "sha256:4ba055d017db16540bb3e288649ab698a67a05284efe6bf423c2ba4fc34b40c5",
                "sha256:4bd892d155db32a5a3f1d68f47311a36e1f6b3706be005734649ba8a558fabdc",
                "sha256:5085c21ecd0ddb74ff72afba44b3afdc6eda843636dd56d70c0462fbe6c91ffc",
                "sha256:569f4a4d84c826336e2c8b1cdc745cad55413e824a1cad5e56e1a113223b41f9",
                "sha256:5823fd8ed94888c612d76b470138c95b45d58889fabe5b4ddfc4ae112c4637ef",
                "sha256:5c9e7543d65ffb36dc21655df73d399feeab826d9fe23638453d6ba2b6c097c8",
                "sha256:6129840a198062a28e6e84416806556eb63db28fa0852cde89816c1b168b78a7",
                "sha256:6177eb3c8127633009ff96a202f9fc4c6b368c1f9d0fb466771d2624af109a84",
                "sha256:630744697d7e42ef4ff2f1cf5ecb6548e7f852cf99a792a6a50f699aa0bf0a6d",
                "sha256:6eb385c51ce9a27b00c5f7188e95ea3eee4e573d46334da1a11d5b8a2d6f6ed3",
                "sha256:793a35c2767b11b6467ee8f52126ac6cd086b4faa537112f981830eb376a9629",
                "sha256:7efe3ab189839ea42c1cf12be8d3e31c53f576ace3578fe689e6638422b0495f",
                "sha256:a4858997016a86c68c6a39c41871bc29192efcb792056fbebac3e526657d1e72",
                "sha256:a7470adbe9fc322dee05a258d2700165cf7fdc6e4d0605f0a40e7d1088326ece",
                "sha256:a75596e505b44a2920f9793649e70e5fb9911d9c49bd519d87db04f6ef622db5",
                "sha256:a9fab70a1b759dec0db95178b60b58aee165b58f08d7596f9bd58c7538a6be80",
                "sha256:acf07fe8e54bd1ce750eda64828f050466ec0597ded867e4ed57ea21e3ee5ae8",
                "sha256:b785834e4ab4ccaeb973da7155b7b2d71591d8c3ba9c2d026eea5953bd6b70d2",
                "sha256:bb1a618a7e5caa89781f6969c0a421948ae99b18ff7b8a40614ed4e1edf105b4",
                "sha256:bbade3a0fcf2d85c21fb71b0bf59e7c6f498ce9f53fd66c62692f16279a51d45",
                "sha256:beb15bfadd847423356d51d7160973cdc830bc399d8ae4356047f84dea75050c",
                "sha256:c7c71c418a25fcea0acc936f3026640713d2fba1a2684e7fe4078296d187bc2c",
                "sha256:ca956ed0143b63eae427d8cef81cf70ab03d672d40445d87c09c83eb8fb56fc6",
                "sha256:cd9a882f9af23e9cb1323a40a34c5ae941cb338d41caca3fa4bfb4a8cb37cfcd",
                "sha256:ce3146a30247752899f0e774a2380be1d342d24403d0d91b451ef343e6b2c989",
                "sha256:d12d3a342bc96b04d18a66274a49969792e9250f06e3a7a6e24ee31e08fb8305",
                "sha256:d40d4a584bfd3d387fb6b6f20f3b11ea93d69d94a30da84890b4bf25f69f6046",
                "sha256:d5d4dfff14501e275651e2f56d299ceda27a5ebd8a2aeafea01f9c9b38671def",
                "sha256:ded8cf8c33d7bc01676a56172ff727fba748d6a22002b4f07d55853a890f0e00",
                "sha256:e069284a67a96330e0b9f4adef79cc3e16d68c1a7ea67e99c7c62de0e041a524",
                "sha256:e7d2642149f60904e14940d1ea9d42e2c4775f6aed5bb6c1308a83795bda0aa1",
                "sha256:ea458d671c3856706928c880631f8824c00ac1fdf24b6855828023480a3e1a3d",
                "sha256:f5b78b04651552035925bea1b1b394dc09994985a46889395ff5cf1504faf2bf",
                "sha256:f71a2cc52747c595c9a3546ad02b608d3b06da89f8adbdc09b340af9adec160c"
            ],
            "index": "pypi",
            "version": "==0.30.0"
        },
        "pillow": {
            "hashes": [
                "sha256:013016af6b3a12a2f40b704677f8b51f72cb007dac785a9933d5c86a72a7fe33",
                "sha256:0845adc64fe9886db00f5ab68c4a8cd933ab749a87747555cec1c95acea64b0b",
                "sha256:0884ba7b515163a1a05440a138adeb722b8a6ae2c2b33aea93ea3118dd3a899e",
                "sha256:09b89ddc95c248ee788328528e6a2996e09eaccddeeb82a5356e92645733be35",
                "sha256:0dd4c681b82214b36273c18ca7ee87065a50e013112eea7d78c7a1b89a739153",
                "sha256:0e51f608da093e5d9038c592b5b575cadc12fd748af1479b5e858045fff955a9",
                "sha256:0f3269304c1a7ce82f1759c12ce731ef9b6e95b6df829dccd9fe42912cc48569",
                "sha256:16a8df99701f9095bea8a6c4b3197da105df6f74e6176c5b410bc2df2fd29a57",
                "sha256:19005a8e58b7c1796bc0167862b1f54a64d3b44ee5d48152b06bb861458bc0f8",
                "sha256:1b4b4e9dda4f4e4c4e6896f93e84a8f0bcca3b059de9ddf67dac3c334b1195e1",
                "sha256:28676836c7796805914b76b1837a40f76827ee0d5398f72f7dcc634bae7c6264",
                "sha256:2968c58feca624bb6c8502f9564dd187d0e1389964898f5e9e1fbc8533169157",
                "sha256:3f4cc516e0b264c8d4ccd6b6cbc69a07c6d582d8337df79be1e15a5056b258c9",
                "sha256:3fa1284762aacca6dc97474ee9c16f83990b8eeb6697f2ba17140d54b453e133",
                "sha256:43521ce2c4b865d385e78579a082b6ad1166ebed2b1a2293c3be1d68dd7ca3b9",
                "sha256:451f10ef963918e65b8869e17d67db5e2f4ab40e716ee6ce7129b0cde2876eab",
                "sha256:46c259e87199041583658457372a183636ae8cd56dbf3f0755e0f376a7f9d0e6",
                "sha256:46f39cab8bbf4a384ba7cb0bc8bae7b7062b6a11cfac1ca4bc144dea90d4a9f5",
                "sha256:519e14e2c49fcf7616d6d2cfc5c70adae95682ae20f0395e9280db85e8d6c4df",
                "sha256:53dcb50fbdc3fb2c55431a9b30caeb2f7027fcd2aeb501459464f0214200a503",
                "sha256:54614444887e0d3043557d9dbc697dbb16cfb5a35d672b7a0fcc1ed0cf1c600b",
                "sha256:575d8912dca808edd9acd6f7795199332696d3469665ef26163cd090fa1f8bfa",
                "sha256:5dd5a9c3091a0f414a963d427f920368e2b6a4c2f7527fdd82cde8ef0bc7a327",
                "sha256:5f532a2ad4d174eb73494e7397988e22bf427f91acc8e6ebf5bb10597b49c493",
                "sha256:60e7da3a3ad1812c128750fc1bc14a7ceeb8d29f77e0a2356a8fb2aa8925287d",
                "sha256:653d7fb2df65efefbcbf81ef5fe5e5be931f1ee4332c2893ca638c9b11a409c4",
                "sha256:6663977496d616b618b6cfa43ec86e479ee62b942e1da76a2c3daa1c75933ef4",
                "sha256:6abfb51a82e919e3933eb137e17c4ae9c0475a25508ea88993bb59faf82f3b35",
                "sha256:6c6b1389ed66cdd174d040105123a5a1bc91d0aa7059c7261d20e583b6d8cbd2",
                "sha256:6d9dfb9959a3b0039ee06c1a1a90dc23bac3b430842dcb97908ddde05870601c",
                "sha256:765cb54c0b8724a7c12c55146ae4647e0274a839fb6de7bcba841e04298e1011",
                "sha256:7a21222644ab69ddd9967cfe6f2bb420b460dae4289c9d40ff9a4896e7c35c9a",
                "sha256:7ac7594397698f77bce84382929747130765f66406dc2cd8b4ab4da68ade4c6e",
                "sha256:7cfc287da09f9d2a7ec146ee4d72d6ea1342e770d975e49a8621bf54eaa8f30f",
                "sha256:83125753a60cfc8c412de5896d10a0a405e0bd88d0470ad82e0869ddf0cb3848",
                "sha256:847b114580c5cc9ebaf216dd8c8dbc6b00a3b7ab0131e173d7120e6deade1f57",
                "sha256:87708d78a14d56a990fbf4f9cb350b7d89ee8988705e58e39bdf4d82c149210f",
                "sha256:8a2b5874d17e72dfb80d917213abd55d7e1ed2479f38f001f264f7ce7bae757c",
                "sha256:8f127e7b028900421cad64f51f75c051b628db17fb00e099eb148761eed598c9",
                "sha256:94cdff45173b1919350601f82d61365e792895e3c3a3443cf99819e6fbf717a5",
                "sha256:99d92d148dd03fd19d16175b6d355cc1b01faf80dae93c6c3eb4163709edc0a9",
                "sha256:9a3049a10261d7f2b6514d35bbb7a4dfc3ece4c4de14ef5876c4b7a23a0e566d",
                "sha256:9d9a62576b68cd90f7075876f4e8444487db5eeea0e4df3ba298ee38a8d067b0",
                "sha256:9e5f94742033898bfe84c93c831a6f552bb629448d4072dd312306bab3bd96f1",
                "sha256:a1c2d7780448eb93fbcc3789bf3916aa5720d942e37945f4056680317f1cd23e",
                "sha256:a2e0f87144fcbbe54297cae708c5e7f9da21a4646523456b00cc956bd4c65815",
                "sha256:a4dfdae195335abb4e89cc9762b2edc524f3c6e80d647a9a81bf81e17e3fb6f0",
                "sha256:a96e6e23f2b79433390273eaf8cc94fec9c6370842e577ab10dabdcc7ea0a66b",
                "sha256:aabdab8ec1e7ca7f1434d042bf8b1e92056245fb179790dc97ed040361f16bfd",
                "sha256:b222090c455d6d1a64e6b7bb5f4035c4dff479e22455c9eaa1bdd4c75b52c80c",
                "sha256:b52ff4f4e002f828ea6483faf4c4e8deea8d743cf801b74910243c58acc6eda3",
                "sha256:b70756ec9417c34e097f987b4d8c510975216ad26ba6e57ccb53bc758f490dab",
                "sha256:b8c2f6eb0df979ee99433d8b3f6d193d9590f735cf12274c108bd954e30ca858",
                "sha256:b9b752ab91e78234941e44abdecc07f1f0d8f51fb62941d32995b8161f68cfe5",
                "sha256:ba6612b6548220ff5e9df85261bddc811a057b0b465a1226b39bfb8550616aee",
                "sha256:bd752c5ff1b4a870b7661234694f24b1d2b9076b8bf337321a814c612665f343",
                "sha256:c3c4ed2ff6760e98d262e0cc9c9a7f7b8a9f61aa4d47c58835cdaf7b0b8811bb",
                "sha256:c5c1362c14aee73f50143d74389b2c158707b4abce2cb055b7ad37ce60738d47",
                "sha256:cb362e3b0976dc994857391b776ddaa8c13c28a16f80ac6522c23d5257156bed",
                "sha256:d197df5489004db87d90b918033edbeee0bd6df3848a204bca3ff0a903bef837",
                "sha256:d3b56206244dc8711f7e8b7d6cad4663917cd5b2d950799425076681e8766286",
                "sha256:d5b2f8a31bd43e0f18172d8ac82347c8f37ef3e0b414431157718aa234991b28",
                "sha256:d7081c084ceb58278dd3cf81f836bc818978c0ccc770cbbb202125ddabec6628",
                "sha256:db74f5562c09953b2c5f8ec4b7dfd3f5421f31811e97d1dbc0a7c93d6e3a24df",
                "sha256:df41112ccce5d47770a0c13651479fbcd8793f34232a2dd9faeccb75eb5d0d0d",
                "sha256:e1339790c083c5a4de48f688b4841f18df839eb3c9584a770cbd818b33e26d5d",
                "sha256:e621b0246192d3b9cb1dc62c78cfa4c6f6d2ddc0ec207d43c0dedecb914f152a",
                "sha256:e8c5cf126889a4de385c02a2c3d3aba4b00f70234bfddae82a5eaa3ee6d5e3e6",
                "sha256:e9d7747847c53a16a729b6ee5e737cf170f7a16611c143d95aa60a109a59c336",
                "sha256:eaef5d2de3c7e9b21f1e762f289d17b726c2239a42b11e25446abf82b26ac132",
                "sha256:ed3e4b4e1e6de75fdc16d3259098de7c6571b1a6cc863b1a49e7d3d53e036070",
                "sha256:ef21af928e807f10bf4141cad4746eee692a0dd3ff56cfb25fce076ec3cc8abe",
                "sha256:f09598b416ba39a8f489c124447b007fe865f786a89dbfa48bb5cf395693132a",
                "sha256:f0caf4a5dcf610d96c3bd32932bfac8aee61c96e60481c2a0ea58da435e25acd",
                "sha256:f6e78171be3fb7941f9910ea15b4b14ec27725865a73c15277bc39f5ca4f8391",
                "sha256:f715c32e774a60a337b2bb8ad9839b4abf75b267a0f18806f6f4f5f1688c4b5a",
                "sha256:fb5c1ad6bad98c57482236a21bf985ab0ef42bd51f7ad4e4538e89a997624e12"
            ],
            "version": "==9.4.0"
        },
        "psd-tools": {
            "hashes": [
                "sha256:0741c8cd3832c27bce99b830910dd332c1c2f9c6bd1020e1aa6d53f67d02e3dd",
                "sha256:1126ef2d57b48c05668cfeef8aff41ca6120e8794e4e798ee9558e38267b053e",
                "sha256:116b688bdf876b020fd4045968e35a1ed6212f48b367ea2c511d2508e6e43398",
                "sha256:16afd82d75d146de8a03a972a770b6411f94be690cea5d5236d9d983f989d4f7",
                "sha256:1c4eac969e975069e598546381cd5a9c56e548354b02929c44acf32a6319fa60",
                "sha256:2d4bbb8e1441096cf896b8e21657582cdc14f7c1285fc00590b0f0846a05cae7",
                "sha256:3c4cec656354cd3325e392afa23902777f675823346d09f02fa4c0760c86fa05",
                "sha256:422ec67d93527a84ddbaee0f249b13a93332aea486d5a40ba4df83145224414d",
                "sha256:44a78f8346c00a5e6318245b199133ac6182bb64b0f2ecadcbdc92bb1ec503f9",
                "sha256:473c0e13a24bd9c4d0ab1aafee09d2a0ad9b18ad9625d27ae3e108a7d277ef25",
                "sha256:49615c34f1e6968c4f3d2b4b1701804879756695eca8011d9e99fd9557162620",
                "sha256:69687c48056783e4ded0f304501a1f1aff39288c5d263ce85fc29ac1509425dd",
                "sha256:69897a064be554e2d021c5bbc73e0275f2b4969b2b30ced9f993afe820fdfbd1",
                "sha256:6cbe36a95c86db7f43a0869d6587a492c548d68b362e1424a9f26068d3f6f8ae",
                "sha256:7fa81ba38388ac1760ae61229681f46a7fc2ed96cb2d435b616873a73e668b64",
                "sha256:9ab1c7213afa5f69a7f2a8f17982576ac349604ddc1d84cad6ec328a22d5c401",
                "sha256:9b6bff2bf67d17fd511c4a55b15051ab4292bb74f92269b168b2cf275d1efa2e",
                "sha256:9fb8c2b8e9ff3a4656ad52606fcc62be2f75f9586ff7cb4bc9dc922909546128",
                "sha256:a17726b494cbd74cfbb9fac019ae9719e1087dfc1e9055e24d69068c62c790ef",
                "sha256:b04da48037d563ef7ef4006d9d5a4922a4c89106451f005764ee973630a3b813",
                "sha256:b4501ecaef9a9a8d5b6e5c4b518b14fa6505f21accd4681bef48ad9a0e413ba3",
                "sha256:b5c9a9427dba1ddc8c69200bfbb9c7551bab48c4fac6022feecda42db772ba85",
                "sha256:baadce2eee5ee7f5df79b8ac31166109f641eae19746bf96b797fe8608cd1528",
                "sha256:bf4ecfdeac3a8f8c5a36f14d3d8241236e512cde1ad196055f422c0565b2870b",
                "sha256:c9244c13d16e451c7e42f074aa0fe764806c775bba3fa667934aee679c965678",
                "sha256:d282d1144c2eb83fe97f91c231531da48ec6b8fabf4809ec52d8bcd1ddd8c701"
            ],
            "version": "==1.8.38"
        },
        "pyarmips": {
            "hashes": [
                "sha256:0333db313864e51b50e0d90df19d989bd66e721121454bb858c050b07ceabe15",
                "sha256:0eaca1f9f91d72cd0b193e6f74f18be54943f2c653dc0719d6fba459124fa023",
                "sha256:11bd9442a52db04d02bca17558ff49a496e717136dba24b20d5e02de7e181688",
                "sha256:16a8f632dfd3fca074c4a1f574b20c4005b4b9ac67e569853a5823026f0910cb",
                "sha256:18ef222d53af44df275a33f6fe681c433126a48d93f6a5c798760edfdedc0f0a",
                "sha256:1bb042fe1f191ba0658f2a5492ee3f73916f884e922b216b1390b66f6ea8d8b3",
                "sha256:282e2b121f9c11edb4246fd083a7c3fc46d40ecdd27f471643d42a3a23193e68",
                "sha256:31b91cf5c68c245f4498548aaefd0bdf3b63c068f57332423abdf13653ace190",
                "sha256:334d7875c195e578d0381b71dd827ae4aa393dcb0c20154a46e8215b1d038c04",
                "sha256:3843389686d77a9493fe9759b035236f608a329a9e7dd1ebb16451ef785370bc",
                "sha256:42b16a5d2228decea2367b5b7cba20d693f5f18c47550820b149890bd0e41a77",
                "sha256:42f5907b90459cef5b86f3a08a416554294c9cb04d1013f99b40ab9f9538f8fa",
                "sha256:48ff5f48dad3f9bf83a1bf7339c07edd7f729baf451056e18ed9db86202954c3",
                "sha256:4c6ddc4db2e922fec305c1f05d5cd8ca230f8f489f7775995a285c13e8beac0f",
                "sha256:4d0a3bca66de1f9f8531ddabe038e7d4403701e34758262cf86cba3e843dcaf4",
                "sha256:502bd881bada4bb1ba48da7f84bbe3052298b29ddc853f7870e6751da9937599",
                "sha256:5bca63bb638d955dcf167a1174c30cbde70534018098bbc5eeea38e3bbf0d160",
                "sha256:5c48d2cd17263349b44a66c6aea007e3ed3d2db61a16ca1db7b516962e4ae20e",
                "sha256:5e02565266f5d6370e47a384fb2f1deda4f7a2f5971eec7ae6c145b91fe5dcbb",
                "sha256:5eccfe6fa7e3fbfccccdce64fa3ff8a61464aa9f5a4cc5d130952cfdff6f8502",
                "sha256:68a4a87c52c79267de56110071816ddfe2e303f6a64f88f78f0c68fa806b2f1a",
                "sha256:692e601cf11bedb2a3028bdaf8e52eb0fd58fbfe7e4a890f3c091cd0e3a73f3f",
                "sha256:695ab00643fd733ce62014f8911c4f5288c2af78761a89501b4beb225d44b313",
                "sha256:6e478e810941e015a2e5d61b93dbd4e9a9bc57b931690f38e40bf02842d7e998",
                "sha256:743e4826f40102de7e2c8380f392577a5262dd1585373ea3e43776744ceb1f63",
                "sha256:745c46a59bbdca73f02f42ce2dc15fb102ca9a2b1504d390ba76e625e452799a",
                "sha256:76844c7a84bf3bbb31a29e4dc1db9cd26d172a5d305cf0bfc91d4f86795f63bb",
                "sha256:8b42735d69e0c5b6e7f11a19d4dacf8b1d3672ac3f5fa822f0056eb914bbfaf0",
                "sha256:8c9dbbb019154ca0be6e67612a6dec1050bf8d563b19a55ee10e1ad0f464e4f9",
                "sha256:94b32a021527b10d9e78d1bcd6ae9395048b0ff227d0460da07a074de12511f8",
                "sha256:94cd797ff0f78e37f115baf1b12644bca39ed1a613be483bdc8160f40bb75482",
                "sha256:9563b4917f8d8fee10c3b80e878e5462abfdb259f1a4c47c1167c2309f278cb6",
                "sha256:965bc79503208cb16305848ce1ce56d6358527d71fc0d6e291f549eeef695370",
                "sha256:9bd626c8a1c3460b8bf2612307115b41772a6bd525abec28b0cecc2fc14812c1",
                "sha256:9bdd60cd6f9cca7892e8d693336861e762757fae41c09659b5c30a30dbeadf23",
                "sha256:a454e2dab1c39d954af34215125e97c8537c498f2fcc569374cbf5b9e577a63a",
                "sha256:a9486917edc74cd2b13acdc94665607809409b755b0c230967574d5afbdc1514",
                "sha256:b813ecab80bb28d203dcdb6342bbec73c06b9f9ccc79b61cac52902fba4ff711",
                "sha256:babefa39efdfd6d00dfe4fa2b3365f2a44bfd9fa74bc14409b01c187e6fccc14",
                "sha256:bbc7973b2f253094d74262b106cf18268131391457266dcb3ea8f0513ff4ea49",
                "sha256:c7a6dc0996c68a9f37ee9f9688b3b6e33322c3c8183d93f50242afda3a7129cc",
                "sha256:c82bb889c94209545f1ed142b5db2039afc6f698a4637218a9200b6677925dd5",
                "sha256:cd02c30b5057ce0062dccb00bc371fefe2eb7425d84920ea88e416deaa8d4141",
                "sha256:cf2a88f87d5e8096d3ae12bd87d339c1485321e9d9ecbd534f829a850751a413",
                "sha256:d6a3245fe46819c26d677a65d5d3a1d746eb733361aa3633129fd722320a39a6",
                "sha256:d931d9c9b655248bd9dbc37d1c7fcb69b7bb6bce61cf00b21f11eb706ec233c3",
                "sha256:dab76d6cf4acfe7b7f60a241fcbe1167d710d33673430f7410f7c37c4b482f0a",
                "sha256:e1de108e12d8720063af3daf94b19a1a614f1868cb64ef244114951334380eea",
                "sha256:e7a8ced6374ad9c7cb00d89802f7466d73f7f35a9068465fd0847e9beb6bc655",
                "sha256:e7cdc0ac9f8f700a76eecf29328996410ee76d0d6c1008eb5389fa72ed087b7e",
                "sha256:ec4b997d3f75e7d424a7f4dec253313f69b223bfca6552e568973415bfb1490c",
                "sha256:ed9166ca5ca6e0b50428ddea77fb594d204ca0699462a849350a93e2ad62850d",
                "sha256:eda153fb149912a81890fc7bc1d19ee64b255c017678a20f49ff820bc6fde784",
                "sha256:f3854d3a80f48009b73c158157947f55469df6c7fca34f3321731e09bd943dc5",
                "sha256:f985eaea081e736317e228fe8709886b8c5cd07a8b7772c0edae543288be6485"
            ],
            "version": "==0.11.0"
        },
        "pycdlib": {
            "hashes": [
                "sha256:8ec306b31d9c850f28c5fda52438d904edd1e8fcf862c5ffd756272efac9f422",
                "sha256:a905827335f0066af3fd416c5cf9b1f29dffaf4d0914b714555213d1809f38d4"
            ],
            "version": "==1.14.0"
        },
        "pyeboot": {
            "hashes": [
                "sha256:05cdf7bde0d416c883d14a696b82527e58a84fad493a9f319c8268d1fd63e46c",
                "sha256:0a1ff9cfd1007789dd445378da3957b19e0b34e89b2720b80860ed4790ad58a6",
                "sha256:14c412a437e8e23df80488958bb709014fc6c264e0b695981ad31fadb5f25ce6",
                "sha256:18fd6ba7b25995575c99a3447e21bfc392b2d118307e08584b6309c93ea3ed40",
                "sha256:2509201ab3f7d3faf1ba321e1a37ef3070cf79f4f8a62d4b329b7d62bbce1a96",
                "sha256:2855c6ce3fe5d71473df446ef3e949a18029a56e912e0770f3fe4d24ba228235",
                "sha256:3970c4dcbad93fdd4c8b33293d72f0cf90d504c1012159c2bd9df0e2065bd1b4",
                "sha256:399b2b445ccf71e1b114dffb4b7173d379efab35e2f1e76f00955c431ae6f08a",
                "sha256:408e9833d63e18e817ecb7da61d512d8c8f80dcd0e81184c63d645a06b45113e",
                "sha256:48f3c53618fe6d9e218c1bfcef048a8cd2be515fa0bdb20532f2e634c3c583ce",
                "sha256:4edb578740756be69c95a33c0901149143e746a5230c66903afd6b55517ee76e",
                "sha256:54c7240e331c1b27730e78fa0639bae75420919e33431a7934cacce2b55b0e31",
                "sha256:5e07e2d9aa0f15a79d427742e4a9a793d0482085ddc969acdfbf10b233d861fa",
                "sha256:63d675256de8b99873fbb623dd2196380c3757a827b2331a822dd7d69b8874bd",
                "sha256:644d84db14d22bcb472ebaa2bdaeac2b66a4f6d7aa0fc0e7ff6b2eb14c9f8776",
                "sha256:6638d54a1544b6cffded5101cfbb83eb38d802f2bcedebeed01edff45b36d8b8",
                "sha256:68a3b6aea4f57943ce4c14646b71e77dc732d3ae7a09c58b5c76e29ea0c850ff",
                "sha256:71ae35a7f9ee7d0db915121b2e286da9c95ca5b45ec8036a885c85e5f3720f3f",
                "sha256:785f82b6ec882dfa56864fe4a57c1f1c0c5fef8c85f45b799d540fd15a03ea9c",
                "sha256:7fd1cc30f8007ab5d97e40ef2d49d526de32b8266ed163a50e4854cf9c009127",
                "sha256:86fe76d3e2ce1c9dae7cca06bccfa44d6ab899ffb6fd2674469b2246b5e39740",
                "sha256:8956350a89b18de318bdd6e86cdfc31d0495e3920f7050874ee698e538dbd5d9",
                "sha256:94dc808087d0f0e18450b8d5acefeaa117de7bba64316d6f8b833e025121ceef",
                "sha256:94f305a722d1b35b7d878f719747cd229ca3d5cbf37b1a74ef598f9c92e8afc1",
                "sha256:97863c1d91c214a737be708dc81991e33daacef905425f171dac6faafbd020c2",
                "sha256:9e02fbc2c2df0bb48434afcb29ef80c3fcf2a7eaa63f60570bb3ec200ab07a4a",
                "sha256:9e5ac1f02988016f01a0883e9bbd914121c7a6bf39cc47034a3de3a2adeafcd3",
                "sha256:9fb2fb43a76ff9a5943ba768e432daaf73a9e6d90e8140d67975386340c6c5ef",
                "sha256:ac91626adf55eda16468ef203643ddc1df64799ef627fb8412cae5c1a4619667",
                "sha256:ad8af59c6acdab62e4b6dbcde51429f0d77e10dba3263c581b0a4edb3a4f0291",
                "sha256:b5f5244adceee6073d24130817bfbd692557770bec229d78ed88a49e08538654",
                "sha256:b96bf5d1c3656eecd20c3741192baa77a7de0bbcb8547e10d76151463da5f4f0",
                "sha256:c19f82a4b78ab7940462ac3bca4d105cceebbd50bad83b09f8d7d68f98da261b",
                "sha256:c598b1eef42311f23c52280dc5e3acfd98ee769e8529ea71424167243b04c2ce",
                "sha256:cf829337fae96892b0446dc11ca56d3f55ef60cea4c9b5cc38af1b02ccb86396",
                "sha256:dccd361fa9c1d71bc491e0923cc1fd0eb8f6e2c2e5fb2ab0db14bcd24fd54603",
                "sha256:e7054ef303dee7a0b88f725f75f215540ba1e4eb3897adcd481d9823110ff2bf",
                "sha256:eccec040957cd9d67d26b7c9e8d39dba7c5b00d9c51fed597d04527b08adc1cd",
                "sha256:ee13beb79393db71e66ee4919383e78200c77af01a8196463d4b94d86e6c9ea1",
                "sha256:f11179282eb14a703187e997ce57cb28344bc0df8dae146d46e3f07822e15e19",
                "sha256:f2ff26ecd8519a883da6367f25fc14418e362c6dbf98129d081096a948962492",
                "sha256:f389efa877cb304437bd35a62dcfe4187e9a97bba5c2396355adbd587c28abf7",
                "sha256:f425ea4302420a312032142e1f7d2249b5e8ed7fa50dbc016e29a056373e21a8",
                "sha256:f459b3d975d3258a256400a26a8a423a45ffc71337649df945eeca3745c8a830",
                "sha256:f54f1eb34298df0b5548d8d2f5fd38856e244c0c58e871a4f4f852176e804a11",
                "sha256:fc90eda8d3e56aab44e10c7bfe9de573bdfd4429ecc2c5903230c90605b0ece9"
            ],
            "version": "==0.1.0"
        },
        "pyumdreplace": {
            "hashes": [
                "sha256:0f5e7a7056d013485f13a32bbe9d251f2ba4378290b8faa215a890d6c4be59ba",
                "sha256:2922f8dd929dcb0d3bdb3d4b97274f10ac7f0d250e2dc9de348558ae7d1a9f40",
                "sha256:2a79f9740662f7f478ddc99bbc18201a8e7f28d8bbbcdda1276076a6702eb131",
                "sha256:32c0e65317e039152ae8f34ab86c377ec83a2874a3adba8ed9a833e4d5b8bf5b",
                "sha256:3698e4525681530053b10bb7bf2ba828b217c6ebc631e0b3b442a6de006dabad",
                "sha256:39a638150dde5a2e6f61dff8f9146bd1b96c2a981877da7d3f410902216748dc",
                "sha256:4064ffe581d8509b473c6a546b040b8e45de05a6e1658a9cd3224a16d96ea846",
                "sha256:40e3efa476f291c54264d10e3d9e37af7b299cbea99e4a694148d066f722723c",
                "sha256:42578bc0c889ad1b38ff3fc1f61b9b66596613e2a68368cb524bb59fecbfe53e",
                "sha256:443bb82cc77c81e7b5f78d85bc091f4d3f2a5173eca51f2eed61e8c1e4ccceac",
                "sha256:45ce43510f2bf585393164d699ea632b821317f4b991249a7694b45f4b912d30",
                "sha256:4f2c4757327f07bc61afe3e637c9d07a9819d6485460e2b85af774e2a781f091",
                "sha256:540efec8a2a8d8a46a92f5daae5c750a663fb0ccae5fe0456d0c92e91e0483de",
                "sha256:56174b772ac0cd38808a868dd2e66fc8fc130933f880c6aeb9eb90bdccf05c0a",
                "sha256:5dda17dd1f156a3c2f5ab8aacb7a2cb7d6b4150360747a29aa29e6495297753c",
                "sha256:5dfec8a530ad52c60529e6f6ce3a7b990f1eb7d620430c902f88e981181ca1f6",
                "sha256:69ccdf3d1ba260b082e269caf5bbac65b0e2e5e6ea863a8653337ae8b66dff2e",
                "sha256:6a35ab2bf56625e866d0aa79dfe1e3939b6751930d6ba8caadf36f71241a4e77",
                "sha256:6ace0226c8fd56d9a3cbbe6572df378e13f820086c9779aca6af2298c8dbdeff",
                "sha256:6e6696115c010a971eb095ab0e726ce761d42912bb0e2f371d98be9da4801f77",
                "sha256:73d8026b65b6c1deee215913519d0a841b12e16d09216b6f14b5bebb35f445f5",
                "sha256:75795f22ce508f2062d4fa745ba6dc97f085b6ef74e3062b7912d3e4a19a3173",
                "sha256:75a308ddae7fd360ac6eeb136c87e3e2080546b70b892ed286d4af4a27ece727",
                "sha256:7977af85affc3eb172f5eae2215ff59f5e80c5239cd73711def76c43304f09dc",
                "sha256:7d1ee1bf23c5f62570cee49554151ff37e222077aacbbbcc533512e0ca54b851",
                "sha256:86b0c7e9ed7d15e425eb2cfe625988c47c32207596458d0801e674251ac89e90",
                "sha256:90a71c417c52f8cefa476e283182d34ded3689180ff64ea3948b865639418f49",
                "sha256:91ffb08648e588d920a652ba78e53f91de7f3a33158a93cfe30fe059b91e64ea",
                "sha256:940042558c70778315b66d7506637d9049f3347168c1fe587737e579499252d1",
                "sha256:9dca6c2f1e70f0ff9edb3719e9503df3b7db2075010eb2ca891f78671a6c9d19",
                "sha256:a195b9db54ef870c784d32da6dc7945a2648437f4c8a94722be84ccf95fbdead",
                "sha256:a35c87a0ebdf7595152fba832c2e3254becd6790b56c38f9c1b99bcf33c2d6b5",
                "sha256:ab5d953e245677c6aa987ab07d376bb75b090379c2887c6677ed9d91479954e8",
                "sha256:ac08d3848fbcae4e651dbcfc64028b8f8b7ead9dd3cad92f29d01b1b0da72481",
                "sha256:ae29522d0b8dcae382fffb5f3aad3a4a6d5762e9152a2f338e373145b09c0547",
                "sha256:b00f8f236781aa6ee02d798979a0f861fd03983447ef8b79eaba66facb59a882",
                "sha256:b3ce8fcfa367b5916c5bfd55eea840ee802625524572a425fd43d8f203d179bb",
                "sha256:b44b0d7e553d4477ba67375d1c0780a42cb97630b19992a393528e9be7e70600",
                "sha256:b6f817372f15d240602ae4bdfd6fad91fb5063c73581fb7082948c9bfdf8328a",
                "sha256:b8ed7cad8d7e891b472e7cb423cb6d7e997d301687d354c345ef6737a3f6860b",
                "sha256:bd4a60dc1ba6ee77c8640fe0a6fb157c8aeb292895c58837a369330c6b824f3d",
                "sha256:c3e515e92ad24de6757d2be9e09718ec19e4f2c906c88c5d635022d957f7af1f",
                "sha256:d026d1a5f25e8eb3f97d5103dc21fa159600ce2b1ee851a6c92d7ac733dee04f",
                "sha256:d98f46b9d8fbbc29a8ae3494d035efed85816487067ca67f6e04713ed78f3fc7",
                "sha256:dc35e4afdc19ee07eba8608d84e08d9780ff6a094494f62e8524df0211773f05",
                "sha256:e216d25eb2836bb256b0d5547902bc02a655d9831228d63729684bbbaaa2c566",
                "sha256:e519033149be2e92f17aaabf6d09c0aef55532c715bd751e322507a3cf17efe9",
                "sha256:eb934a792296bb6900a696f677a61458d80823e52595a4f1af33696279b3b501",
                "sha256:ee12887273c6e7144b18eb4aedda3cfc5e07004aa0bb6bd9137ae866a046b547",
                "sha256:f740c61a0a15ba758ffe30d918511284c12e20596fe4ba6987b7a5e77674a6e1",
                "sha256:fb21279b03b725ecc158b5ac6259cc4d77c0bc8629e75636a34344e65a856bc0",
                "sha256:fcebaa274819f730da5bfea0779819c2499ce5153f00161e2a407a21ee017e9b",
                "sha256:fd5398604e589c5f225f7130e8d330f197a55ee29a954b4057fbabed0a22a867",
                "sha256:fe6dfadf370f5cbfc6e8570b0d95937e33c2db7525b452a993fc235f62823186",
                "sha256:fff7be0f5d2e43068ba2441834be5bd0f1033b9e048b7f3d18d6733a33d7012d"
            ],
            "version": "==0.1.0"
        },
        "pyxdelta": {
            "hashes": [
                "sha256:054ab20b27fb85f9718f37fe2be96bf3a7d667192e410167e39b5bf56309b56d",
                "sha256:054c2fb424c8fcd4e7e956dbbdcdc4c1e6a62c4b5b144be3a3a293daed02d3a5",
                "sha256:091d632d2d030c695e3fe3b63303ca46e3d8fec0631cf7e67f4e7a30f7f8986b",
                "sha256:0b9bb0b6edd6c0961d07394f2a2127c603a8ee5b265dcb319501b18d57d57988",
                "sha256:0ba8c90ec2d20f33a1dc46cc489cd96428af53ddecd56e09d56898ced052cf9d",
                "sha256:0f19005277ca10352f307f96ceaa56bed3740a4e59395040fc7f0079993e448b",
                "sha256:1a33772caf2f8623e51bc156dc2e51cd3a99d368fd81121cabcd6fa1b55988c2",
                "sha256:1c0edc054469e697cd244528fc5272141576ccf282c040653604280cf4e8ac25",
                "sha256:2706f25275144ecea87c4684587b9c7ae97bfe9078f26a64d54f599d7cf0a034",
                "sha256:2b8714e1863afc3fbb86071dea32f0fc1b8c2f8913a052308691698cfd62e14d",
                "sha256:2bab07c105a409404f847a15d59fc824be273b7007a5b8476883455c866121f1",
                "sha256:35360ceecbf4a0e48d2fe469215a4d53a051bf25bc9dcfccf7d736903cec7e04",
                "sha256:3a61f71214a66c64d4338bb2f3c2e129ab676c59c6001949726d2fdbc4919ac2",
                "sha256:3fe07f45a6f5ae2105627320a6d5219ecafc508542d3065509519dd726ef2f64",
                "sha256:408ae83e7bc5a85411fc2fb2d17c542bbc5f3e6d3d6b016f456673295643414d",
                "sha256:5089c9d7f89bc5f1b600d2883206a7cc4b706865980ea972df9758bd82d3ce9d",
                "sha256:5275839358838f03f9e6c010577f0877dab9ae1b4534c56ada3121e55039945f",
                "sha256:530160868aa5eaf8e2a9fc60a5970d452b7ef41cfd16aad0a2f783ec1131fa23",
                "sha256:54d4e61316fe3cb977398f3d0230c85c9deeb4d2bd287ebbbe252afbdc6f7467",
                "sha256:5af000b4acf865c6b1bba544d19d357324db2743c53c5aeddccef52623a22133",
                "sha256:631c2f838d5d819d6c925569dfd5dd185b31ff3104268bc54445e45f36298a59",
                "sha256:693c8ba93ec989d90d49241f823546a7a9d30038f11b9e615fee7582c55fb970",
                "sha256:6bb5125515aeb97def63fd832e73380f2610be96f761f9752fa10c3f8846ce20",
                "sha256:6e1425db96f3e4a068f84245bec2f547298a27c5a198a93deddb769cec21103f",
                "sha256:7107157ad81af3217d8e4cb0af4762f93dd5cf710b26efc9fd915a0f7e51dc1e",
                "sha256:7735c6feac1a2464e9ac1689e38f401cbfa49dabb83a37744990a0dde604a047",
                "sha256:8274e3cf86985024f4540a1491ebcf96167c891a1f4e8a7b8b2cbc9466d7a575",
                "sha256:829f9f7f1e5ae66fcf281e2429d523171adcdc2ed1112a8b943be3a46ac3ab67",
                "sha256:8308baf6615092fc04bcee825c8fe5a05b0c6bebac34b38e5a67119fb783f285",
                "sha256:8407c7ef6f49a0ce9261c9a14cf8b29630439d717cba0caa6941454f922e7e1e",
                "sha256:8494d31b5a83466b076c1d1570ba985edc6a386faaee466e7ee4439d073e12fa",
                "sha256:84cbc2ccd2e7a8a63f160ce86d0a6534bcde1e7d2504eb4e2e6e365fef608bcf",
                "sha256:856d0732f010640c2d9a697f036f96b6eb54bb8c4ad5fbb82a9edebda5e8130b",
                "sha256:8e5afc13bd7291106d578e6a576f8d209d98919d51c21752d12bec33731d46da",
                "sha256:906a95e29b210078ada558838c43df0623ee213243b27d75f4b75af2e2dd4593",
                "sha256:98c1b5a72c662d15ed0d6c10254cf8a036528fba7df8ac9607dca6a53bf98c00",
                "sha256:9a0bcedc11dfccc3f3077e302ce202ac6fcde928a0b0f65ad4c2b6a2c7529a2d",
                "sha256:9a49dc111e587f3c2b9d9107c6867755c10c0d6c04e440a7e7fddbefb48e8459",
                "sha256:9bd2cb8df8e1f622f64cd73b72ae842053c6c4bc1c5a5718c6f03bdaf0e11f69",
                "sha256:a719e00c7a274b3e794c24c176acbdc4b3c5f0afc8cb03e4987264528daf7d0c",
                "sha256:a7f97a597b97f17a5da26c0c53592d3a59acd9b08bca9f8617359bde44d6678c",
                "sha256:b4ee7e66f411e3f6251ab2de1d510997d7c5c89d802d9ec9c564e411f31bad4e",
                "sha256:c235b25d17f7d6d2f9a6132ca1646870419c95a9b749bcfa00b3156d23c03b76",
                "sha256:c263c0f19d2ee8eb248d3f211d78535073272b6aea4895abb6b52ce6fed9fc7d",
                "sha256:c76791f06b0b8a37556546db48ba6231d902a7e6b2ada3c5355a94d389e4794e",
                "sha256:ce0f8ac141d2c15613ef990a045f32f64b6e4a4b95a1baf540221f2b6a1c0806",
                "sha256:d75cad05e27bea0f02b823a3364a53c980c2d0abb58f6a614cae1b70a93b6a00",
                "sha256:d9e571b1db284833c42b8e044648561c2672ec2f6991495fdffebfabac16b064",
                "sha256:da5bd851bd4729541e525721a56c7a4dbd6c3d9c5807a6143cc530c3a08018c1",
                "sha256:e4711d8bcb35d73a47a7169a2db36f25104e2cb6d0ecbff2441835d4f39dd876",
                "sha256:ee8b35a44e959797a3210fc0010e2b9fe540986be4d8c18b4abe9205d42f50ea",
                "sha256:f1ae12ea3c59d23892cd4d841e44f2c490a6ee1c072a5315111c4d4a35fd3bbd",
                "sha256:f3540660fd9a6043f9b4853616bcefd7a9c0c58ba9d4bea3e0e8c8f2c4db8d8c",
                "sha256:fb199bbd46786ff7d5567c000cdd10964d91de25e2944ce78c70ddb6fcb036ed",
                "sha256:fde9669485d087f844b360ffd710b9a145c5b467274d7bda14c62befaf3fa8e9"
            ],
            "version": "==0.1.1"
        },
        "tqdm": {
            "hashes": [
                "sha256:1871fb68a86b8fb3b59ca4cdd3dcccbc7e6d613eeed31f4c332531977b89beb5",
                "sha256:c4f53a17fe37e132815abceec022631be8ffe1b9381c2e6e30aa70edc99e9671"
            ],
            "markers": "python_version >= '3.7'",
            "version": "==4.65.0"
        }
    },
    "develop": {
        "altgraph": {
            "hashes": [
                "sha256:ad33358114df7c9416cdb8fa1eaa5852166c505118717021c6a8c7c7abbd03dd",
                "sha256:c8ac1ca6772207179ed8003ce7687757c04b0b71536f81e2ac5755c6226458fe"
            ],
            "version": "==0.17.3"
        },
        "pefile": {
            "hashes": [
                "sha256:82e6114004b3d6911c77c3953e3838654b04511b8b66e8583db70c65998017dc",
                "sha256:da185cd2af68c08a6cd4481f7325ed600a88f6a813bad9dea07ab3ef73d8d8d6"
            ],
            "markers": "sys_platform == 'win32'",
            "version": "==2023.2.7"
        },
        "pyinstaller": {
            "hashes": [
                "sha256:314fb883caf3cbf06adbea2b77671bb73c3481568e994af0467ea7e47eb64755",
                "sha256:3b74f50a57b1413047042e47033480b7324b091f23dff790a4494af32b377d94",
                "sha256:4f4d818588e2d8de4bf24ed018056c3de0c95898ad25719e12d68626161b4933",
                "sha256:502a2166165a8e8c3d99c19272e923d2548bac2132424d78910ef9dd8bb11705",
                "sha256:5c9632a20faecd6d79f0124afb31e6557414d19be271e572765b474f860f8d76",
                "sha256:8d004699c5d71c704c14a5f81eec233faa4f87a3bf0ae68e222b87d63f5dd17e",
                "sha256:a62ee598b137202ef2e99d8dbaee6bc7379a6565c3ddf0331decb41b98eff1a2",
                "sha256:bacf236b5c2f8f674723a39daca399646dceb470881f842f52e393b9a67ff2f8",
                "sha256:bf1f7b7e88b467d7aefcdb2bc9cbd2e856ca88c5ab232c0efe0848f146d3bd5f",
                "sha256:ded780f0d3642d7bfc21d97b98d4ec4b41d2fe70c3f5c5d243868612f536e011",
                "sha256:e68bcadf32edc1171ccb06117699a6a4f8e924b7c2c8812cfa00fd0186ade4ee",
                "sha256:f9361eff44c7108c2312f39d85ed768c4ada7e0aa729046bbcef3ef3c1577d18"
            ],
            "index": "pypi",
            "version": "==5.8.0"
        },
        "pyinstaller-hooks-contrib": {
            "hashes": [
                "sha256:29d052eb73e0ab8f137f11df8e73d464c1c6d4c3044d9dc8df2af44639d8bfbf",
                "sha256:bd578781cd6a33ef713584bf3726f7cd60a3e656ec08a6cc7971e39990808cc0"
            ],
            "markers": "python_version >= '3.7'",
            "version": "==2023.0"
        },
        "pywin32-ctypes": {
            "hashes": [
                "sha256:24ffc3b341d457d48e8922352130cf2644024a4ff09762a2261fd34c36ee5942",
                "sha256:9dc2d991b3479cc2df15930958b674a48a227d5361d413827a4cfd0b5876fc98"
            ],
            "markers": "sys_platform == 'win32'",
            "version": "==0.2.0"
        },
        "setuptools": {
            "hashes": [
                "sha256:15136a251127da2d2e77ac7a1bc231eb504654f7e3346d93613a13f2e2787535",
                "sha256:1c39d42bda4cb89f7fdcad52b6762e3c309ec8f8715b27c684176b7d71283242"
            ],
            "markers": "python_version >= '3.7'",
            "version": "==67.5.1"
        }
    }
}
